{
    "_readme": [
        "This file locks the dependencies of your project to a known state",
        "Read more about it at https://getcomposer.org/doc/01-basic-usage.md#installing-dependencies",
        "This file is @generated automatically"
    ],
    "content-hash": "7bdeba7af8053b1b45b1bac5fa71f521",
    "packages": [
        {
            "name": "ised-isde-canada/moodle-availability_language",
            "version": "1.0",
            "source": {
                "type": "git",
                "url": "https://github.com/ised-isde-canada/moodle-availability_language.git",
                "reference": "MOODLE_37_STABLE"
            },
            "type": "library"
        },
        {
            "name": "ised-isde-canada/moodle-block_admin_presets",
            "version": "1.0",
            "source": {
                "type": "git",
                "url": "https://github.com/DigiDago/moodle-block_admin_presets.git",
                "reference": "MOODLE_38_STABLE"
            },
            "type": "library"
        },
        {
            "name": "ised-isde-canada/moodle-block_configurablereports",
            "version": "1.0",
            "source": {
                "type": "git",
                "url": "https://github.com/ised-isde-canada/moodle-block_configurablereports.git",
                "reference": "MOODLE_36_STABLE"
            },
            "type": "library"
        },
        {
            "name": "ised-isde-canada/moodle-builder-ised",
            "version": "1.0",
            "source": {
                "type": "git",
                "url": "https://github.com/ised-isde-canada/moodle-builder-ised.git",
                "reference": "MOODLE_ISED_TEST"
            },
            "type": "library"
        },
        {
            "name": "ised-isde-canada/moodle-filter_filtercodes",
            "version": "1.0",
            "source": {
                "type": "git",
                "url": "https://github.com/ised-isde-canada/moodle-filter_filtercodes.git",
                "reference": "master"
            },
            "type": "library"
        },
        {
            "name": "ised-isde-canada/moodle-filter_multilang2",
            "version": "1.0",
            "source": {
                "type": "git",
                "url": "https://github.com/ised-isde-canada/moodle-filter_multilang2.git",
                "reference": "master"
            },
            "type": "library"
        },
        {
            "name": "ised-isde-canada/moodle-local_adminer",
            "version": "1.0",
            "source": {
                "type": "git",
                "url": "https://github.com/ised-isde-canada/moodle-local_adminer.git",
                "reference": "MOODLE_38_STABLE"
            },
            "type": "library"
        },
        {
            "name": "ised-isde-canada/moodle-local_contact",
            "version": "1.0",
            "source": {
                "type": "git",
                "url": "https://github.com/ised-isde-canada/moodle-local_contact.git",
                "reference": "master"
            },
            "type": "library"
        },
        {
            "name": "ised-isde-canada/moodle-local_isedisde",
            "version": "1.0",
            "source": {
                "type": "git",
                "url": "https://github.com/ised-isde-canada/moodle-local_isedisde.git",
                "reference": "master"
            },
            "type": "library"
        },
        {
            "name": "ised-isde-canada/moodle-local_login",
            "version": "1.0",
            "source": {
                "type": "git",
                "url": "https://github.com/ised-isde-canada/moodle-local_login.git",
                "reference": "master"
            },
            "type": "library"
        },
        {
            "name": "ised-isde-canada/moodle-local_mailtest",
            "version": "1.0",
            "source": {
                "type": "git",
                "url": "https://github.com/ised-isde-canada/moodle-local_mailtest.git",
                "reference": "master"
            },
            "type": "library"
        },
        {
            "name": "ised-isde-canada/moodle-mod_customcert",
            "version": "1.0",
            "source": {
                "type": "git",
                "url": "https://github.com/ised-isde-canada/moodle-mod_customcert.git",
                "reference": "MOODLE_38_STABLE"
            },
            "type": "library"
        },
        {
            "name": "ised-isde-canada/moodle-theme_gcweb",
            "version": "1.0",
            "source": {
                "type": "git",
                "url": "https://github.com/ised-isde-canada/moodle-theme_gcweb.git",
                "reference": "master"
            },
            "type": "library"
        },
        {
            "name": "mnsami/composer-custom-directory-installer",
            "version": "1.1.1",
            "source": {
                "type": "git",
                "url": "https://github.com/mnsami/composer-custom-directory-installer.git",
                "reference": "8cc82e0c5801cc3bf53ba452afdcaa5c6ff645a5"
            },
            "dist": {
                "type": "zip",
                "url": "https://api.github.com/repos/mnsami/composer-custom-directory-installer/zipball/8cc82e0c5801cc3bf53ba452afdcaa5c6ff645a5",
                "reference": "8cc82e0c5801cc3bf53ba452afdcaa5c6ff645a5",
                "shasum": ""
            },
            "require": {
                "composer-plugin-api": "^1.0",
                "php": ">=5.3"
            },
            "type": "composer-plugin",
            "extra": {
                "class": [
                    "Composer\\CustomDirectoryInstaller\\LibraryPlugin",
                    "Composer\\CustomDirectoryInstaller\\PearPlugin",
                    "Composer\\CustomDirectoryInstaller\\PluginPlugin"
                ],
                "branch-alias": {
                    "dev-master": "1.1.x-dev"
                }
            },
            "autoload": {
                "psr-0": {
                    "Composer\\CustomDirectoryInstaller": "src/"
                }
            },
            "notification-url": "https://packagist.org/downloads/",
            "license": [
                "MIT"
            ],
            "authors": [
                {
                    "name": "Mina Nabil Sami",
                    "email": "mina.nsami@gmail.com"
                }
            ],
            "description": "A composer plugin, to help install packages of different types in custom paths.",
            "keywords": [
                "composer",
                "composer-installer",
                "composer-plugin"
            ],
            "time": "2016-05-25T08:26:02+00:00"
        }
    ],
    "packages-dev": [],
    "aliases": [],
    "minimum-stability": "stable",
    "stability-flags": [],
    "prefer-stable": false,
    "prefer-lowest": false,
    "platform": [],
    "platform-dev": [],
    "plugin-api-version": "1.1.0"
}
